
Microsoft Visual Studio Solution File, Format Version 12.00
# Visual Studio 2015
Project("{FAE04EC0-301F-11D3-BF4B-00C04F79EFBC}") = "WolfSim", "WolfSim.csproj", "{4BC889F9-5E41-8E41-AF83-11C10FAB4A84}"
EndProject
Global
	GlobalSection(SolutionConfigurationPlatforms) = preSolution
		Debug|Any CPU = Debug|Any CPU
		Release|Any CPU = Release|Any CPU
	EndGlobalSection
	GlobalSection(ProjectConfigurationPlatforms) = postSolution
		{4BC889F9-5E41-8E41-AF83-11C10FAB4A84}.Debug|Any CPU.ActiveCfg = Debug|Any CPU
		{4BC889F9-5E41-8E41-AF83-11C10FAB4A84}.Debug|Any CPU.Build.0 = Debug|Any CPU
		{4BC889F9-5E41-8E41-AF83-11C10FAB4A84}.Release|Any CPU.ActiveCfg = Release|Any CPU
		{4BC889F9-5E41-8E41-AF83-11C10FAB4A84}.Release|Any CPU.Build.0 = Release|Any CPU
	EndGlobalSection
	GlobalSection(SolutionProperties) = preSolution
		HideSolutionNode = FALSE
	EndGlobalSection
EndGlobal
